
Microsoft Visual Studio Solution File, Format Version 12.00
# Visual Studio 15
VisualStudioVersion = 15.0.28307.489
MinimumVisualStudioVersion = 10.0.40219.1
Project("{FAE04EC0-301F-11D3-BF4B-00C04F79EFBC}") = "FizzBuzz", "FizzBuzz\FizzBuzz.csproj", "{49C9AA39-DE75-4F22-8D16-050C9AED1F2C}"
EndProject
Global
	GlobalSection(SolutionConfigurationPlatforms) = preSolution
		Debug|Any CPU = Debug|Any CPU
		Release|Any CPU = Release|Any CPU
	EndGlobalSection
	GlobalSection(ProjectConfigurationPlatforms) = postSolution
		{49C9AA39-DE75-4F22-8D16-050C9AED1F2C}.Debug|Any CPU.ActiveCfg = Debug|Any CPU
		{49C9AA39-DE75-4F22-8D16-050C9AED1F2C}.Debug|Any CPU.Build.0 = Debug|Any CPU
		{49C9AA39-DE75-4F22-8D16-050C9AED1F2C}.Release|Any CPU.ActiveCfg = Release|Any CPU
		{49C9AA39-DE75-4F22-8D16-050C9AED1F2C}.Release|Any CPU.Build.0 = Release|Any CPU
	EndGlobalSection
	GlobalSection(SolutionProperties) = preSolution
		HideSolutionNode = FALSE
	EndGlobalSection
	GlobalSection(ExtensibilityGlobals) = postSolution
		SolutionGuid = {C2CBC087-5BDA-48E0-A75F-3AD57E2FF651}
	EndGlobalSection
EndGlobal
